
Microsoft Visual Studio Solution File, Format Version 12.00
# Visual Studio 15
VisualStudioVersion = 15.0.28016.0
MinimumVisualStudioVersion = 10.0.40219.1
Project("{FAE04EC0-301F-11D3-BF4B-00C04F79EFBC}") = "Stephenson.j Polygon Area", "Stephenson.j Polygon Area\Stephenson.j Polygon Area.csproj", "{CDD16AD4-0608-4FA5-A627-BC5CC880BEC2}"
EndProject
Global
	GlobalSection(SolutionConfigurationPlatforms) = preSolution
		Debug|Any CPU = Debug|Any CPU
		Release|Any CPU = Release|Any CPU
	EndGlobalSection
	GlobalSection(ProjectConfigurationPlatforms) = postSolution
		{CDD16AD4-0608-4FA5-A627-BC5CC880BEC2}.Debug|Any CPU.ActiveCfg = Debug|Any CPU
		{CDD16AD4-0608-4FA5-A627-BC5CC880BEC2}.Debug|Any CPU.Build.0 = Debug|Any CPU
		{CDD16AD4-0608-4FA5-A627-BC5CC880BEC2}.Release|Any CPU.ActiveCfg = Release|Any CPU
		{CDD16AD4-0608-4FA5-A627-BC5CC880BEC2}.Release|Any CPU.Build.0 = Release|Any CPU
	EndGlobalSection
	GlobalSection(SolutionProperties) = preSolution
		HideSolutionNode = FALSE
	EndGlobalSection
	GlobalSection(ExtensibilityGlobals) = postSolution
		SolutionGuid = {A1D2D638-1B61-46D7-9C71-AF30B75ADF25}
	EndGlobalSection
EndGlobal
